
Microsoft Visual Studio Solution File, Format Version 12.00
# Visual Studio Version 16
VisualStudioVersion = 16.0.28803.916
MinimumVisualStudioVersion = 10.0.40219.1
Project("{FAE04EC0-301F-11D3-BF4B-00C04F79EFBC}") = "SampleConsoleUseAPI", "SampleConsoleUseAPI\SampleConsoleUseAPI.csproj", "{474B7BC4-FF74-4BAB-89B0-49C88A4FB93B}"
EndProject
Global
	GlobalSection(SolutionConfigurationPlatforms) = preSolution
		Debug|Any CPU = Debug|Any CPU
		Release|Any CPU = Release|Any CPU
	EndGlobalSection
	GlobalSection(ProjectConfigurationPlatforms) = postSolution
		{474B7BC4-FF74-4BAB-89B0-49C88A4FB93B}.Debug|Any CPU.ActiveCfg = Debug|Any CPU
		{474B7BC4-FF74-4BAB-89B0-49C88A4FB93B}.Debug|Any CPU.Build.0 = Debug|Any CPU
		{474B7BC4-FF74-4BAB-89B0-49C88A4FB93B}.Release|Any CPU.ActiveCfg = Release|Any CPU
		{474B7BC4-FF74-4BAB-89B0-49C88A4FB93B}.Release|Any CPU.Build.0 = Release|Any CPU
	EndGlobalSection
	GlobalSection(SolutionProperties) = preSolution
		HideSolutionNode = FALSE
	EndGlobalSection
	GlobalSection(ExtensibilityGlobals) = postSolution
		SolutionGuid = {1560381C-F361-4217-9AC1-DDED096A6508}
	EndGlobalSection
EndGlobal
